{
    "version": 3,
    "terraform_version": "0.11.13",
    "serial": 4,
    "lineage": "9e470f56-bbb1-deac-02f0-07baec81706f",
    "modules": [
        {
            "path": [
                "root"
            ],
            "outputs": {},
            "resources": {},
            "depends_on": []
        },
        {
            "path": [
                "root",
                "compute"
            ],
            "outputs": {
                "Instance_Ip": {
                    "sensitive": false,
                    "type": "string",
                    "value": "54.242.64.161"
                },
                "Instance_Name": {
                    "sensitive": false,
                    "type": "string",
                    "value": "dvs-server"
                }
            },
            "resources": {
                "aws_instance.server": {
                    "type": "aws_instance",
                    "depends_on": [],
                    "primary": {
                        "id": "i-0d39031c3a6ba9a5a",
                        "attributes": {
                            "ami": "ami-0a887e401f7654935",
                            "arn": "arn:aws:ec2:us-east-1:487647534392:instance/i-0d39031c3a6ba9a5a",
                            "associate_public_ip_address": "true",
                            "availability_zone": "us-east-1a",
                            "cpu_core_count": "1",
                            "cpu_threads_per_core": "1",
                            "credit_specification.#": "1",
                            "credit_specification.0.cpu_credits": "standard",
                            "disable_api_termination": "false",
                            "ebs_block_device.#": "0",
                            "ebs_optimized": "false",
                            "ephemeral_block_device.#": "0",
                            "get_password_data": "false",
                            "hibernation": "false",
                            "iam_instance_profile": "",
                            "id": "i-0d39031c3a6ba9a5a",
                            "instance_state": "running",
                            "instance_type": "t2.micro",
                            "ipv6_address_count": "0",
                            "ipv6_addresses.#": "0",
                            "key_name": "rajukey_nvirginia",
                            "monitoring": "false",
                            "network_interface.#": "0",
                            "password_data": "",
                            "placement_group": "",
                            "primary_network_interface_id": "eni-0698b791ce7e822d9",
                            "private_dns": "ip-192-165-10-144.ec2.internal",
                            "private_ip": "192.165.10.144",
                            "public_dns": "ec2-54-242-64-161.compute-1.amazonaws.com",
                            "public_ip": "54.242.64.161",
                            "root_block_device.#": "1",
                            "root_block_device.0.delete_on_termination": "true",
                            "root_block_device.0.encrypted": "false",
                            "root_block_device.0.iops": "100",
                            "root_block_device.0.kms_key_id": "",
                            "root_block_device.0.volume_id": "vol-0780bd901be74ce11",
                            "root_block_device.0.volume_size": "8",
                            "root_block_device.0.volume_type": "gp2",
                            "security_groups.#": "0",
                            "source_dest_check": "false",
                            "subnet_id": "subnet-04e44f75dd412cd5c",
                            "tags.%": "1",
                            "tags.Name": "dvs-server",
                            "tenancy": "default",
                            "volume_tags.%": "0",
                            "vpc_security_group_ids.#": "1",
                            "vpc_security_group_ids.1053505047": "sg-0964acb2bb982e3eb"
                        },
                        "meta": {
                            "e2bfb730-ecaa-11e6-8f88-34363bc7c4c0": {
                                "create": 600000000000,
                                "delete": 1200000000000,
                                "update": 600000000000
                            },
                            "schema_version": "1"
                        },
                        "tainted": false
                    },
                    "deposed": [],
                    "provider": "provider.aws"
                }
            },
            "depends_on": []
        },
        {
            "path": [
                "root",
                "storage"
            ],
            "outputs": {
                "mys3bucket": {
                    "sensitive": false,
                    "type": "string",
                    "value": "mys3bucket"
                }
            },
            "resources": {
                "aws_s3_bucket.mys3bucket": {
                    "type": "aws_s3_bucket",
                    "depends_on": [
                        "random_id.myrandomid"
                    ],
                    "primary": {
                        "id": "mys3bucket-36594",
                        "attributes": {
                            "acceleration_status": "",
                            "acl": "private",
                            "arn": "arn:aws:s3:::mys3bucket-36594",
                            "bucket": "mys3bucket-36594",
                            "bucket_domain_name": "mys3bucket-36594.s3.amazonaws.com",
                            "bucket_regional_domain_name": "mys3bucket-36594.s3.amazonaws.com",
                            "cors_rule.#": "0",
                            "force_destroy": "true",
                            "hosted_zone_id": "Z3AQBSTGFYJSTF",
                            "id": "mys3bucket-36594",
                            "lifecycle_rule.#": "0",
                            "logging.#": "0",
                            "object_lock_configuration.#": "0",
                            "region": "us-east-1",
                            "replication_configuration.#": "0",
                            "request_payer": "BucketOwner",
                            "server_side_encryption_configuration.#": "0",
                            "tags.%": "1",
                            "tags.Name": "mys3bucket",
                            "versioning.#": "1",
                            "versioning.0.enabled": "false",
                            "versioning.0.mfa_delete": "false",
                            "website.#": "0"
                        },
                        "meta": {},
                        "tainted": false
                    },
                    "deposed": [],
                    "provider": "provider.aws"
                },
                "random_id.myrandomid": {
                    "type": "random_id",
                    "depends_on": [],
                    "primary": {
                        "id": "jvI",
                        "attributes": {
                            "b64": "jvI",
                            "b64_std": "jvI=",
                            "b64_url": "jvI",
                            "byte_length": "2",
                            "dec": "36594",
                            "hex": "8ef2",
                            "id": "jvI"
                        },
                        "meta": {},
                        "tainted": false
                    },
                    "deposed": [],
                    "provider": "provider.random"
                }
            },
            "depends_on": []
        },
        {
            "path": [
                "root",
                "vpc"
            ],
            "outputs": {
                "mysecgroupid": {
                    "sensitive": false,
                    "type": "string",
                    "value": "sg-0964acb2bb982e3eb"
                },
                "mysubnet_id": {
                    "sensitive": false,
                    "type": "string",
                    "value": "subnet-04e44f75dd412cd5c"
                },
                "myvpcname": {
                    "sensitive": false,
                    "type": "string",
                    "value": "dvs-vpc"
                }
            },
            "resources": {
                "aws_internet_gateway.myigw": {
                    "type": "aws_internet_gateway",
                    "depends_on": [
                        "aws_vpc.myvpc"
                    ],
                    "primary": {
                        "id": "igw-06e7159868fcc7f20",
                        "attributes": {
                            "id": "igw-06e7159868fcc7f20",
                            "owner_id": "487647534392",
                            "tags.%": "1",
                            "tags.Name": "dvs-igw",
                            "vpc_id": "vpc-0747d3cba87fad3ef"
                        },
                        "meta": {},
                        "tainted": false
                    },
                    "deposed": [],
                    "provider": "provider.aws"
                },
                "aws_route_table.myroute": {
                    "type": "aws_route_table",
                    "depends_on": [
                        "aws_internet_gateway.myigw",
                        "aws_vpc.myvpc"
                    ],
                    "primary": {
                        "id": "rtb-0f81983def4acfc53",
                        "attributes": {
                            "id": "rtb-0f81983def4acfc53",
                            "owner_id": "487647534392",
                            "propagating_vgws.#": "0",
                            "route.#": "1",
                            "route.3741317299.cidr_block": "0.0.0.0/0",
                            "route.3741317299.egress_only_gateway_id": "",
                            "route.3741317299.gateway_id": "igw-06e7159868fcc7f20",
                            "route.3741317299.instance_id": "",
                            "route.3741317299.ipv6_cidr_block": "",
                            "route.3741317299.nat_gateway_id": "",
                            "route.3741317299.network_interface_id": "",
                            "route.3741317299.transit_gateway_id": "",
                            "route.3741317299.vpc_peering_connection_id": "",
                            "tags.%": "1",
                            "tags.Name": "dvs-route",
                            "vpc_id": "vpc-0747d3cba87fad3ef"
                        },
                        "meta": {},
                        "tainted": false
                    },
                    "deposed": [],
                    "provider": "provider.aws"
                },
                "aws_route_table_association.myroute_association": {
                    "type": "aws_route_table_association",
                    "depends_on": [
                        "aws_route_table.myroute",
                        "aws_subnet.mypubsubnet"
                    ],
                    "primary": {
                        "id": "rtbassoc-0758494ff3ce6dde7",
                        "attributes": {
                            "id": "rtbassoc-0758494ff3ce6dde7",
                            "route_table_id": "rtb-0f81983def4acfc53",
                            "subnet_id": "subnet-04e44f75dd412cd5c"
                        },
                        "meta": {},
                        "tainted": false
                    },
                    "deposed": [],
                    "provider": "provider.aws"
                },
                "aws_security_group.mysecgroup": {
                    "type": "aws_security_group",
                    "depends_on": [
                        "aws_vpc.myvpc"
                    ],
                    "primary": {
                        "id": "sg-0964acb2bb982e3eb",
                        "attributes": {
                            "arn": "arn:aws:ec2:us-east-1:487647534392:security-group/sg-0964acb2bb982e3eb",
                            "description": "Managed by Terraform",
                            "egress.#": "1",
                            "egress.482069346.cidr_blocks.#": "1",
                            "egress.482069346.cidr_blocks.0": "0.0.0.0/0",
                            "egress.482069346.description": "",
                            "egress.482069346.from_port": "0",
                            "egress.482069346.ipv6_cidr_blocks.#": "0",
                            "egress.482069346.prefix_list_ids.#": "0",
                            "egress.482069346.protocol": "-1",
                            "egress.482069346.security_groups.#": "0",
                            "egress.482069346.self": "false",
                            "egress.482069346.to_port": "0",
                            "id": "sg-0964acb2bb982e3eb",
                            "ingress.#": "1",
                            "ingress.482069346.cidr_blocks.#": "1",
                            "ingress.482069346.cidr_blocks.0": "0.0.0.0/0",
                            "ingress.482069346.description": "",
                            "ingress.482069346.from_port": "0",
                            "ingress.482069346.ipv6_cidr_blocks.#": "0",
                            "ingress.482069346.prefix_list_ids.#": "0",
                            "ingress.482069346.protocol": "-1",
                            "ingress.482069346.security_groups.#": "0",
                            "ingress.482069346.self": "false",
                            "ingress.482069346.to_port": "0",
                            "name": "dvs-sg",
                            "owner_id": "487647534392",
                            "revoke_rules_on_delete": "false",
                            "tags.%": "1",
                            "tags.Name": "dvs-sg",
                            "vpc_id": "vpc-0747d3cba87fad3ef"
                        },
                        "meta": {
                            "e2bfb730-ecaa-11e6-8f88-34363bc7c4c0": {
                                "create": 600000000000,
                                "delete": 600000000000
                            },
                            "schema_version": "1"
                        },
                        "tainted": false
                    },
                    "deposed": [],
                    "provider": "provider.aws"
                },
                "aws_subnet.mypubsubnet": {
                    "type": "aws_subnet",
                    "depends_on": [
                        "aws_vpc.myvpc"
                    ],
                    "primary": {
                        "id": "subnet-04e44f75dd412cd5c",
                        "attributes": {
                            "arn": "arn:aws:ec2:us-east-1:487647534392:subnet/subnet-04e44f75dd412cd5c",
                            "assign_ipv6_address_on_creation": "false",
                            "availability_zone": "us-east-1a",
                            "availability_zone_id": "use1-az4",
                            "cidr_block": "192.165.10.0/24",
                            "id": "subnet-04e44f75dd412cd5c",
                            "ipv6_cidr_block": "",
                            "ipv6_cidr_block_association_id": "",
                            "map_public_ip_on_launch": "true",
                            "owner_id": "487647534392",
                            "tags.%": "1",
                            "tags.Name": "dvs-pub-subnet",
                            "vpc_id": "vpc-0747d3cba87fad3ef"
                        },
                        "meta": {
                            "e2bfb730-ecaa-11e6-8f88-34363bc7c4c0": {
                                "create": 600000000000,
                                "delete": 1200000000000
                            },
                            "schema_version": "1"
                        },
                        "tainted": false
                    },
                    "deposed": [],
                    "provider": "provider.aws"
                },
                "aws_vpc.myvpc": {
                    "type": "aws_vpc",
                    "depends_on": [],
                    "primary": {
                        "id": "vpc-0747d3cba87fad3ef",
                        "attributes": {
                            "arn": "arn:aws:ec2:us-east-1:487647534392:vpc/vpc-0747d3cba87fad3ef",
                            "assign_generated_ipv6_cidr_block": "false",
                            "cidr_block": "192.165.0.0/16",
                            "default_network_acl_id": "acl-0d5259e1e1f796e04",
                            "default_route_table_id": "rtb-085263ef9ac7e6413",
                            "default_security_group_id": "sg-0ca1bf74a1d50b1a5",
                            "dhcp_options_id": "dopt-f6f7358c",
                            "enable_classiclink": "false",
                            "enable_classiclink_dns_support": "false",
                            "enable_dns_hostnames": "true",
                            "enable_dns_support": "true",
                            "id": "vpc-0747d3cba87fad3ef",
                            "instance_tenancy": "default",
                            "ipv6_association_id": "",
                            "ipv6_cidr_block": "",
                            "main_route_table_id": "rtb-085263ef9ac7e6413",
                            "owner_id": "487647534392",
                            "tags.%": "1",
                            "tags.Name": "dvs-vpc"
                        },
                        "meta": {
                            "schema_version": "1"
                        },
                        "tainted": false
                    },
                    "deposed": [],
                    "provider": "provider.aws"
                }
            },
            "depends_on": []
        }
    ]
}
