{
    "version": 3,
    "terraform_version": "0.11.13",
    "serial": 2,
    "lineage": "b6de6e0a-1ea0-cc6b-2766-1ccadf77f5bc",
    "modules": [
        {
            "path": [
                "root"
            ],
            "outputs": {
                "Instance_Ip": {
                    "sensitive": false,
                    "type": "string",
                    "value": "184.72.65.59"
                },
                "Instance_Name": {
                    "sensitive": false,
                    "type": "string",
                    "value": "PubServer"
                }
            },
            "resources": {
                "aws_instance.server": {
                    "type": "aws_instance",
                    "depends_on": [],
                    "primary": {
                        "id": "i-0ce62901fde82c899",
                        "attributes": {
                            "ami": "ami-0a887e401f7654935",
                            "arn": "arn:aws:ec2:us-east-1:487647534392:instance/i-0ce62901fde82c899",
                            "associate_public_ip_address": "true",
                            "availability_zone": "us-east-1a",
                            "cpu_core_count": "1",
                            "cpu_threads_per_core": "1",
                            "credit_specification.#": "1",
                            "credit_specification.0.cpu_credits": "standard",
                            "disable_api_termination": "false",
                            "ebs_block_device.#": "0",
                            "ebs_optimized": "false",
                            "ephemeral_block_device.#": "0",
                            "get_password_data": "false",
                            "hibernation": "false",
                            "iam_instance_profile": "",
                            "id": "i-0ce62901fde82c899",
                            "instance_state": "running",
                            "instance_type": "t2.micro",
                            "ipv6_address_count": "0",
                            "ipv6_addresses.#": "0",
                            "key_name": "rajukey_nvirginia",
                            "monitoring": "false",
                            "network_interface.#": "0",
                            "password_data": "",
                            "placement_group": "",
                            "primary_network_interface_id": "eni-0e803f48370260ff3",
                            "private_dns": "ip-192-168-10-29.ec2.internal",
                            "private_ip": "192.168.10.29",
                            "public_dns": "ec2-184-72-65-59.compute-1.amazonaws.com",
                            "public_ip": "184.72.65.59",
                            "root_block_device.#": "1",
                            "root_block_device.0.delete_on_termination": "true",
                            "root_block_device.0.encrypted": "false",
                            "root_block_device.0.iops": "100",
                            "root_block_device.0.kms_key_id": "",
                            "root_block_device.0.volume_id": "vol-084b05ecad3335d00",
                            "root_block_device.0.volume_size": "8",
                            "root_block_device.0.volume_type": "gp2",
                            "security_groups.#": "0",
                            "source_dest_check": "false",
                            "subnet_id": "subnet-0b5ada1ab107b67b1",
                            "tags.%": "1",
                            "tags.Name": "PubServer",
                            "tenancy": "default",
                            "volume_tags.%": "0",
                            "vpc_security_group_ids.#": "1",
                            "vpc_security_group_ids.3274573947": "sg-03c3b0fe9f62f94bd"
                        },
                        "meta": {
                            "e2bfb730-ecaa-11e6-8f88-34363bc7c4c0": {
                                "create": 600000000000,
                                "delete": 1200000000000,
                                "update": 600000000000
                            },
                            "schema_version": "1"
                        },
                        "tainted": false
                    },
                    "deposed": [],
                    "provider": "provider.aws"
                }
            },
            "depends_on": []
        }
    ]
}
