{
    "version": 3,
    "terraform_version": "0.11.13",
    "serial": 1,
    "lineage": "072df31c-79f9-d499-e63a-c435e092646f",
    "modules": [
        {
            "path": [
                "root"
            ],
            "outputs": {
                "mys3bucket": {
                    "sensitive": false,
                    "type": "string",
                    "value": "dvs-s3-bucket"
                }
            },
            "resources": {
                "aws_s3_bucket.mys3bucket": {
                    "type": "aws_s3_bucket",
                    "depends_on": [
                        "random_id.myrandomid"
                    ],
                    "primary": {
                        "id": "dvs-s3-bucket-6423",
                        "attributes": {
                            "acceleration_status": "",
                            "acl": "private",
                            "arn": "arn:aws:s3:::dvs-s3-bucket-6423",
                            "bucket": "dvs-s3-bucket-6423",
                            "bucket_domain_name": "dvs-s3-bucket-6423.s3.amazonaws.com",
                            "bucket_regional_domain_name": "dvs-s3-bucket-6423.s3.amazonaws.com",
                            "cors_rule.#": "0",
                            "force_destroy": "true",
                            "hosted_zone_id": "Z3AQBSTGFYJSTF",
                            "id": "dvs-s3-bucket-6423",
                            "lifecycle_rule.#": "0",
                            "logging.#": "0",
                            "object_lock_configuration.#": "0",
                            "region": "us-east-1",
                            "replication_configuration.#": "0",
                            "request_payer": "BucketOwner",
                            "server_side_encryption_configuration.#": "0",
                            "tags.%": "1",
                            "tags.Name": "dvs-s3-bucket",
                            "versioning.#": "1",
                            "versioning.0.enabled": "false",
                            "versioning.0.mfa_delete": "false",
                            "website.#": "0"
                        },
                        "meta": {},
                        "tainted": false
                    },
                    "deposed": [],
                    "provider": "provider.aws"
                },
                "random_id.myrandomid": {
                    "type": "random_id",
                    "depends_on": [],
                    "primary": {
                        "id": "GRc",
                        "attributes": {
                            "b64": "GRc",
                            "b64_std": "GRc=",
                            "b64_url": "GRc",
                            "byte_length": "2",
                            "dec": "6423",
                            "hex": "1917",
                            "id": "GRc"
                        },
                        "meta": {},
                        "tainted": false
                    },
                    "deposed": [],
                    "provider": "provider.random"
                }
            },
            "depends_on": []
        }
    ]
}
